// !$*UTF8*$!
{
	archiveVersion = 1;
	classes = {
	};
	objectVersion = 46;
	objects = {

/* Begin PBXBuildFile section */
		632E24E11EACC3650092C806 /* StickerPackExtension.appex in Embed App Extensions */ = {isa = PBXBuildFile; fileRef = 632E24E01EACC3650092C806 /* StickerPackExtension.appex */; settings = {ATTRIBUTES = (RemoveHeadersOnCopy, ); }; };
		632E24E51EACC3650092C806 /* Stickers.xcstickers in Resources */ = {isa = PBXBuildFile; fileRef = 632E24E41EACC3650092C806 /* Stickers.xcstickers */; };
		632E24E61EACC3650092C806 /* Stickers.xcstickers in Resources */ = {isa = PBXBuildFile; fileRef = 632E24E41EACC3650092C806 /* Stickers.xcstickers */; };
/* End PBXBuildFile section */

/* Begin PBXContainerItemProxy section */
		632E24E21EACC3650092C806 /* PBXContainerItemProxy */ = {
			isa = PBXContainerItemProxy;
			containerPortal = 632E24D61EACC3650092C806 /* Project object */;
			proxyType = 1;
			remoteGlobalIDString = 632E24DF1EACC3650092C806;
			remoteInfo = StickerPackExtension;
		};
/* End PBXContainerItemProxy section */

/* Begin PBXCopyFilesBuildPhase section */
		632E24EC1EACC3650092C806 /* Embed App Extensions */ = {
			isa = PBXCopyFilesBuildPhase;
			buildActionMask = 2147483647;
			dstPath = "";
			dstSubfolderSpec = 13;
			files = (
				632E24E11EACC3650092C806 /* StickerPackExtension.appex in Embed App Extensions */,
			);
			name = "Embed App Extensions";
			runOnlyForDeploymentPostprocessing = 0;
		};
/* End PBXCopyFilesBuildPhase section */

/* Begin PBXFileReference section */
		632E24DC1EACC3650092C806 /* HippieStickers.app */ = {isa = PBXFileReference; explicitFileType = wrapper.application; includeInIndex = 0; path = HippieStickers.app; sourceTree = BUILT_PRODUCTS_DIR; };
		632E24E01EACC3650092C806 /* StickerPackExtension.appex */ = {isa = PBXFileReference; explicitFileType = "wrapper.app-extension"; includeInIndex = 0; path = StickerPackExtension.appex; sourceTree = BUILT_PRODUCTS_DIR; };
		632E24E41EACC3650092C806 /* Stickers.xcstickers */ = {isa = PBXFileReference; lastKnownFileType = folder.stickers; name = Stickers.xcstickers; path = StickerPackExtension/Stickers.xcstickers; sourceTree = "<group>"; };
/* End PBXFileReference section */

/* Begin PBXGroup section */
		632E24D51EACC3650092C806 = {
			isa = PBXGroup;
			children = (
				632E24E41EACC3650092C806 /* Stickers.xcstickers */,
				632E24DD1EACC3650092C806 /* Products */,
			);
			sourceTree = "<group>";
		};
		632E24DD1EACC3650092C806 /* Products */ = {
			isa = PBXGroup;
			children = (
				632E24DC1EACC3650092C806 /* HippieStickers.app */,
				632E24E01EACC3650092C806 /* StickerPackExtension.appex */,
			);
			name = Products;
			sourceTree = "<group>";
		};
/* End PBXGroup section */

/* Begin PBXNativeTarget section */
		632E24DB1EACC3650092C806 /* HippieStickers */ = {
			isa = PBXNativeTarget;
			buildConfigurationList = 632E24ED1EACC3650092C806 /* Build configuration list for PBXNativeTarget "HippieStickers" */;
			buildPhases = (
				632E24DA1EACC3650092C806 /* Resources */,
				632E24EC1EACC3650092C806 /* Embed App Extensions */,
			);
			buildRules = (
			);
			dependencies = (
				632E24E31EACC3650092C806 /* PBXTargetDependency */,
			);
			name = HippieStickers;
			productName = HippieStickers;
			productReference = 632E24DC1EACC3650092C806 /* HippieStickers.app */;
			productType = "com.apple.product-type.application.messages";
		};
		632E24DF1EACC3650092C806 /* StickerPackExtension */ = {
			isa = PBXNativeTarget;
			buildConfigurationList = 632E24E91EACC3650092C806 /* Build configuration list for PBXNativeTarget "StickerPackExtension" */;
			buildPhases = (
				632E24DE1EACC3650092C806 /* Resources */,
			);
			buildRules = (
			);
			dependencies = (
			);
			name = StickerPackExtension;
			productName = StickerPackExtension;
			productReference = 632E24E01EACC3650092C806 /* StickerPackExtension.appex */;
			productType = "com.apple.product-type.app-extension.messages-sticker-pack";
		};
/* End PBXNativeTarget section */

/* Begin PBXProject section */
		632E24D61EACC3650092C806 /* Project object */ = {
			isa = PBXProject;
			attributes = {
				LastUpgradeCheck = 0830;
				ORGANIZATIONNAME = "Jayven Nhan";
				TargetAttributes = {
					632E24DB1EACC3650092C806 = {
						CreatedOnToolsVersion = 8.3.2;
						DevelopmentTeam = 3V8EPWEYFE;
						ProvisioningStyle = Automatic;
					};
					632E24DF1EACC3650092C806 = {
						CreatedOnToolsVersion = 8.3.2;
						DevelopmentTeam = 3V8EPWEYFE;
						ProvisioningStyle = Automatic;
					};
				};
			};
			buildConfigurationList = 632E24D91EACC3650092C806 /* Build configuration list for PBXProject "HippieStickers" */;
			compatibilityVersion = "Xcode 3.2";
			developmentRegion = English;
			hasScannedForEncodings = 0;
			knownRegions = (
				en,
			);
			mainGroup = 632E24D51EACC3650092C806;
			productRefGroup = 632E24DD1EACC3650092C806 /* Products */;
			projectDirPath = "";
			projectRoot = "";
			targets = (
				632E24DB1EACC3650092C806 /* HippieStickers */,
				632E24DF1EACC3650092C806 /* StickerPackExtension */,
			);
		};
/* End PBXProject section */

/* Begin PBXResourcesBuildPhase section */
		632E24DA1EACC3650092C806 /* Resources */ = {
			isa = PBXResourcesBuildPhase;
			buildActionMask = 2147483647;
			files = (
				632E24E61EACC3650092C806 /* Stickers.xcstickers in Resources */,
			);
			runOnlyForDeploymentPostprocessing = 0;
		};
		632E24DE1EACC3650092C806 /* Resources */ = {
			isa = PBXResourcesBuildPhase;
			buildActionMask = 2147483647;
			files = (
				632E24E51EACC3650092C806 /* Stickers.xcstickers in Resources */,
			);
			runOnlyForDeploymentPostprocessing = 0;
		};
/* End PBXResourcesBuildPhase section */

/* Begin PBXTargetDependency section */
		632E24E31EACC3650092C806 /* PBXTargetDependency */ = {
			isa = PBXTargetDependency;
			target = 632E24DF1EACC3650092C806 /* StickerPackExtension */;
			targetProxy = 632E24E21EACC3650092C806 /* PBXContainerItemProxy */;
		};
/* End PBXTargetDependency section */

/* Begin XCBuildConfiguration section */
		632E24E71EACC3650092C806 /* Debug */ = {
			isa = XCBuildConfiguration;
			buildSettings = {
				ALWAYS_SEARCH_USER_PATHS = NO;
				CLANG_ANALYZER_NONNULL = YES;
				CLANG_ANALYZER_NUMBER_OBJECT_CONVERSION = YES_AGGRESSIVE;
				CLANG_CXX_LANGUAGE_STANDARD = "gnu++0x";
				CLANG_CXX_LIBRARY = "libc++";
				CLANG_ENABLE_MODULES = YES;
				CLANG_ENABLE_OBJC_ARC = YES;
				CLANG_WARN_BOOL_CONVERSION = YES;
				CLANG_WARN_CONSTANT_CONVERSION = YES;
				CLANG_WARN_DIRECT_OBJC_ISA_USAGE = YES_ERROR;
				CLANG_WARN_DOCUMENTATION_COMMENTS = YES;
				CLANG_WARN_EMPTY_BODY = YES;
				CLANG_WARN_ENUM_CONVERSION = YES;
				CLANG_WARN_INFINITE_RECURSION = YES;
				CLANG_WARN_INT_CONVERSION = YES;
				CLANG_WARN_OBJC_ROOT_CLASS = YES_ERROR;
				CLANG_WARN_SUSPICIOUS_MOVE = YES;
				CLANG_WARN_UNREACHABLE_CODE = YES;
				CLANG_WARN__DUPLICATE_METHOD_MATCH = YES;
				"CODE_SIGN_IDENTITY[sdk=iphoneos*]" = "iPhone Developer";
				COPY_PHASE_STRIP = NO;
				DEBUG_INFORMATION_FORMAT = dwarf;
				ENABLE_STRICT_OBJC_MSGSEND = YES;
				ENABLE_TESTABILITY = YES;
				GCC_C_LANGUAGE_STANDARD = gnu99;
				GCC_DYNAMIC_NO_PIC = NO;
				GCC_NO_COMMON_BLOCKS = YES;
				GCC_OPTIMIZATION_LEVEL = 0;
				GCC_PREPROCESSOR_DEFINITIONS = (
					"DEBUG=1",
					"$(inherited)",
				);
				GCC_WARN_64_TO_32_BIT_CONVERSION = YES;
				GCC_WARN_ABOUT_RETURN_TYPE = YES_ERROR;
				GCC_WARN_UNDECLARED_SELECTOR = YES;
				GCC_WARN_UNINITIALIZED_AUTOS = YES_AGGRESSIVE;
				GCC_WARN_UNUSED_FUNCTION = YES;
				GCC_WARN_UNUSED_VARIABLE = YES;
				IPHONEOS_DEPLOYMENT_TARGET = 10.3;
				MTL_ENABLE_DEBUG_INFO = YES;
				ONLY_ACTIVE_ARCH = YES;
				SDKROOT = iphoneos;
				TARGETED_DEVICE_FAMILY = "1,2";
			};
			name = Debug;
		};
		632E24E81EACC3650092C806 /* Release */ = {
			isa = XCBuildConfiguration;
			buildSettings = {
				ALWAYS_SEARCH_USER_PATHS = NO;
				CLANG_ANALYZER_NONNULL = YES;
				CLANG_ANALYZER_NUMBER_OBJECT_CONVERSION = YES_AGGRESSIVE;
				CLANG_CXX_LANGUAGE_STANDARD = "gnu++0x";
				CLANG_CXX_LIBRARY = "libc++";
				CLANG_ENABLE_MODULES = YES;
				CLANG_ENABLE_OBJC_ARC = YES;
				CLANG_WARN_BOOL_CONVERSION = YES;
				CLANG_WARN_CONSTANT_CONVERSION = YES;
				CLANG_WARN_DIRECT_OBJC_ISA_USAGE = YES_ERROR;
				CLANG_WARN_DOCUMENTATION_COMMENTS = YES;
				CLANG_WARN_EMPTY_BODY = YES;
				CLANG_WARN_ENUM_CONVERSION = YES;
				CLANG_WARN_INFINITE_RECURSION = YES;
				CLANG_WARN_INT_CONVERSION = YES;
				CLANG_WARN_OBJC_ROOT_CLASS = YES_ERROR;
				CLANG_WARN_SUSPICIOUS_MOVE = YES;
				CLANG_WARN_UNREACHABLE_CODE = YES;
				CLANG_WARN__DUPLICATE_METHOD_MATCH = YES;
				"CODE_SIGN_IDENTITY[sdk=iphoneos*]" = "iPhone Developer";
				COPY_PHASE_STRIP = NO;
				DEBUG_INFORMATION_FORMAT = "dwarf-with-dsym";
				ENABLE_NS_ASSERTIONS = NO;
				ENABLE_STRICT_OBJC_MSGSEND = YES;
				GCC_C_LANGUAGE_STANDARD = gnu99;
				GCC_NO_COMMON_BLOCKS = YES;
				GCC_WARN_64_TO_32_BIT_CONVERSION = YES;
				GCC_WARN_ABOUT_RETURN_TYPE = YES_ERROR;
				GCC_WARN_UNDECLARED_SELECTOR = YES;
				GCC_WARN_UNINITIALIZED_AUTOS = YES_AGGRESSIVE;
				GCC_WARN_UNUSED_FUNCTION = YES;
				GCC_WARN_UNUSED_VARIABLE = YES;
				IPHONEOS_DEPLOYMENT_TARGET = 10.3;
				MTL_ENABLE_DEBUG_INFO = NO;
				SDKROOT = iphoneos;
				TARGETED_DEVICE_FAMILY = "1,2";
				VALIDATE_PRODUCT = YES;
			};
			name = Release;
		};
		632E24EA1EACC3650092C806 /* Debug */ = {
			isa = XCBuildConfiguration;
			buildSettings = {
				ASSETCATALOG_COMPILER_APPICON_NAME = "iMessage App Icon";
				DEVELOPMENT_TEAM = 3V8EPWEYFE;
				INFOPLIST_FILE = StickerPackExtension/Info.plist;
				PRODUCT_BUNDLE_IDENTIFIER = com.JayvenN.HippieStickers.StickerPackExtension;
				PRODUCT_NAME = "$(TARGET_NAME)";
				SKIP_INSTALL = YES;
			};
			name = Debug;
		};
		632E24EB1EACC3650092C806 /* Release */ = {
			isa = XCBuildConfiguration;
			buildSettings = {
				ASSETCATALOG_COMPILER_APPICON_NAME = "iMessage App Icon";
				DEVELOPMENT_TEAM = 3V8EPWEYFE;
				INFOPLIST_FILE = StickerPackExtension/Info.plist;
				PRODUCT_BUNDLE_IDENTIFIER = com.JayvenN.HippieStickers.StickerPackExtension;
				PRODUCT_NAME = "$(TARGET_NAME)";
				SKIP_INSTALL = YES;
			};
			name = Release;
		};
		632E24EE1EACC3650092C806 /* Debug */ = {
			isa = XCBuildConfiguration;
			buildSettings = {
				ASSETCATALOG_COMPILER_APPICON_NAME = "iMessage App Icon";
				DEVELOPMENT_TEAM = 3V8EPWEYFE;
				INFOPLIST_FILE = HippieStickers/Info.plist;
				IPHONEOS_DEPLOYMENT_TARGET = 10.0;
				PRODUCT_BUNDLE_IDENTIFIER = com.JayvenN.HippieStickers;
				PRODUCT_NAME = "$(TARGET_NAME)";
			};
			name = Debug;
		};
		632E24EF1EACC3650092C806 /* Release */ = {
			isa = XCBuildConfiguration;
			buildSettings = {
				ASSETCATALOG_COMPILER_APPICON_NAME = "iMessage App Icon";
				DEVELOPMENT_TEAM = 3V8EPWEYFE;
				INFOPLIST_FILE = HippieStickers/Info.plist;
				IPHONEOS_DEPLOYMENT_TARGET = 10.0;
				PRODUCT_BUNDLE_IDENTIFIER = com.JayvenN.HippieStickers;
				PRODUCT_NAME = "$(TARGET_NAME)";
			};
			name = Release;
		};
/* End XCBuildConfiguration section */

/* Begin XCConfigurationList section */
		632E24D91EACC3650092C806 /* Build configuration list for PBXProject "HippieStickers" */ = {
			isa = XCConfigurationList;
			buildConfigurations = (
				632E24E71EACC3650092C806 /* Debug */,
				632E24E81EACC3650092C806 /* Release */,
			);
			defaultConfigurationIsVisible = 0;
			defaultConfigurationName = Release;
		};
		632E24E91EACC3650092C806 /* Build configuration list for PBXNativeTarget "StickerPackExtension" */ = {
			isa = XCConfigurationList;
			buildConfigurations = (
				632E24EA1EACC3650092C806 /* Debug */,
				632E24EB1EACC3650092C806 /* Release */,
			);
			defaultConfigurationIsVisible = 0;
		};
		632E24ED1EACC3650092C806 /* Build configuration list for PBXNativeTarget "HippieStickers" */ = {
			isa = XCConfigurationList;
			buildConfigurations = (
				632E24EE1EACC3650092C806 /* Debug */,
				632E24EF1EACC3650092C806 /* Release */,
			);
			defaultConfigurationIsVisible = 0;
		};
/* End XCConfigurationList section */
	};
	rootObject = 632E24D61EACC3650092C806 /* Project object */;
}
