// !$*UTF8*$!
{
	archiveVersion = 1;
	classes = {
	};
	objectVersion = 46;
	objects = {

/* Begin PBXBuildFile section */
		632FE7541EA7BF5F0008E0EB /* StickerPackExtension.appex in Embed App Extensions */ = {isa = PBXBuildFile; fileRef = 632FE7531EA7BF5F0008E0EB /* StickerPackExtension.appex */; settings = {ATTRIBUTES = (RemoveHeadersOnCopy, ); }; };
		632FE7581EA7BF5F0008E0EB /* Stickers.xcstickers in Resources */ = {isa = PBXBuildFile; fileRef = 632FE7571EA7BF5F0008E0EB /* Stickers.xcstickers */; };
		632FE7591EA7BF5F0008E0EB /* Stickers.xcstickers in Resources */ = {isa = PBXBuildFile; fileRef = 632FE7571EA7BF5F0008E0EB /* Stickers.xcstickers */; };
/* End PBXBuildFile section */

/* Begin PBXContainerItemProxy section */
		632FE7551EA7BF5F0008E0EB /* PBXContainerItemProxy */ = {
			isa = PBXContainerItemProxy;
			containerPortal = 632FE7491EA7BF5E0008E0EB /* Project object */;
			proxyType = 1;
			remoteGlobalIDString = 632FE7521EA7BF5F0008E0EB;
			remoteInfo = StickerPackExtension;
		};
/* End PBXContainerItemProxy section */

/* Begin PBXCopyFilesBuildPhase section */
		632FE75F1EA7BF5F0008E0EB /* Embed App Extensions */ = {
			isa = PBXCopyFilesBuildPhase;
			buildActionMask = 2147483647;
			dstPath = "";
			dstSubfolderSpec = 13;
			files = (
				632FE7541EA7BF5F0008E0EB /* StickerPackExtension.appex in Embed App Extensions */,
			);
			name = "Embed App Extensions";
			runOnlyForDeploymentPostprocessing = 0;
		};
/* End PBXCopyFilesBuildPhase section */

/* Begin PBXFileReference section */
		632FE74F1EA7BF5E0008E0EB /* Mommoji.app */ = {isa = PBXFileReference; explicitFileType = wrapper.application; includeInIndex = 0; path = Mommoji.app; sourceTree = BUILT_PRODUCTS_DIR; };
		632FE7531EA7BF5F0008E0EB /* StickerPackExtension.appex */ = {isa = PBXFileReference; explicitFileType = "wrapper.app-extension"; includeInIndex = 0; path = StickerPackExtension.appex; sourceTree = BUILT_PRODUCTS_DIR; };
		632FE7571EA7BF5F0008E0EB /* Stickers.xcstickers */ = {isa = PBXFileReference; lastKnownFileType = folder.stickers; name = Stickers.xcstickers; path = StickerPackExtension/Stickers.xcstickers; sourceTree = "<group>"; };
/* End PBXFileReference section */

/* Begin PBXGroup section */
		632FE7481EA7BF5E0008E0EB = {
			isa = PBXGroup;
			children = (
				632FE7571EA7BF5F0008E0EB /* Stickers.xcstickers */,
				632FE7501EA7BF5E0008E0EB /* Products */,
			);
			sourceTree = "<group>";
		};
		632FE7501EA7BF5E0008E0EB /* Products */ = {
			isa = PBXGroup;
			children = (
				632FE74F1EA7BF5E0008E0EB /* Mommoji.app */,
				632FE7531EA7BF5F0008E0EB /* StickerPackExtension.appex */,
			);
			name = Products;
			sourceTree = "<group>";
		};
/* End PBXGroup section */

/* Begin PBXNativeTarget section */
		632FE74E1EA7BF5E0008E0EB /* Mommoji */ = {
			isa = PBXNativeTarget;
			buildConfigurationList = 632FE7601EA7BF5F0008E0EB /* Build configuration list for PBXNativeTarget "Mommoji" */;
			buildPhases = (
				632FE74D1EA7BF5E0008E0EB /* Resources */,
				632FE75F1EA7BF5F0008E0EB /* Embed App Extensions */,
			);
			buildRules = (
			);
			dependencies = (
				632FE7561EA7BF5F0008E0EB /* PBXTargetDependency */,
			);
			name = Mommoji;
			productName = Mommoji;
			productReference = 632FE74F1EA7BF5E0008E0EB /* Mommoji.app */;
			productType = "com.apple.product-type.application.messages";
		};
		632FE7521EA7BF5F0008E0EB /* StickerPackExtension */ = {
			isa = PBXNativeTarget;
			buildConfigurationList = 632FE75C1EA7BF5F0008E0EB /* Build configuration list for PBXNativeTarget "StickerPackExtension" */;
			buildPhases = (
				632FE7511EA7BF5F0008E0EB /* Resources */,
			);
			buildRules = (
			);
			dependencies = (
			);
			name = StickerPackExtension;
			productName = StickerPackExtension;
			productReference = 632FE7531EA7BF5F0008E0EB /* StickerPackExtension.appex */;
			productType = "com.apple.product-type.app-extension.messages-sticker-pack";
		};
/* End PBXNativeTarget section */

/* Begin PBXProject section */
		632FE7491EA7BF5E0008E0EB /* Project object */ = {
			isa = PBXProject;
			attributes = {
				LastUpgradeCheck = 0830;
				ORGANIZATIONNAME = "Jayven Nhan";
				TargetAttributes = {
					632FE74E1EA7BF5E0008E0EB = {
						CreatedOnToolsVersion = 8.3;
						DevelopmentTeam = 3V8EPWEYFE;
						ProvisioningStyle = Automatic;
					};
					632FE7521EA7BF5F0008E0EB = {
						CreatedOnToolsVersion = 8.3;
						DevelopmentTeam = 3V8EPWEYFE;
						ProvisioningStyle = Automatic;
					};
				};
			};
			buildConfigurationList = 632FE74C1EA7BF5E0008E0EB /* Build configuration list for PBXProject "Mommoji" */;
			compatibilityVersion = "Xcode 3.2";
			developmentRegion = English;
			hasScannedForEncodings = 0;
			knownRegions = (
				en,
			);
			mainGroup = 632FE7481EA7BF5E0008E0EB;
			productRefGroup = 632FE7501EA7BF5E0008E0EB /* Products */;
			projectDirPath = "";
			projectRoot = "";
			targets = (
				632FE74E1EA7BF5E0008E0EB /* Mommoji */,
				632FE7521EA7BF5F0008E0EB /* StickerPackExtension */,
			);
		};
/* End PBXProject section */

/* Begin PBXResourcesBuildPhase section */
		632FE74D1EA7BF5E0008E0EB /* Resources */ = {
			isa = PBXResourcesBuildPhase;
			buildActionMask = 2147483647;
			files = (
				632FE7591EA7BF5F0008E0EB /* Stickers.xcstickers in Resources */,
			);
			runOnlyForDeploymentPostprocessing = 0;
		};
		632FE7511EA7BF5F0008E0EB /* Resources */ = {
			isa = PBXResourcesBuildPhase;
			buildActionMask = 2147483647;
			files = (
				632FE7581EA7BF5F0008E0EB /* Stickers.xcstickers in Resources */,
			);
			runOnlyForDeploymentPostprocessing = 0;
		};
/* End PBXResourcesBuildPhase section */

/* Begin PBXTargetDependency section */
		632FE7561EA7BF5F0008E0EB /* PBXTargetDependency */ = {
			isa = PBXTargetDependency;
			target = 632FE7521EA7BF5F0008E0EB /* StickerPackExtension */;
			targetProxy = 632FE7551EA7BF5F0008E0EB /* PBXContainerItemProxy */;
		};
/* End PBXTargetDependency section */

/* Begin XCBuildConfiguration section */
		632FE75A1EA7BF5F0008E0EB /* Debug */ = {
			isa = XCBuildConfiguration;
			buildSettings = {
				ALWAYS_SEARCH_USER_PATHS = NO;
				CLANG_ANALYZER_NONNULL = YES;
				CLANG_ANALYZER_NUMBER_OBJECT_CONVERSION = YES_AGGRESSIVE;
				CLANG_CXX_LANGUAGE_STANDARD = "gnu++0x";
				CLANG_CXX_LIBRARY = "libc++";
				CLANG_ENABLE_MODULES = YES;
				CLANG_ENABLE_OBJC_ARC = YES;
				CLANG_WARN_BOOL_CONVERSION = YES;
				CLANG_WARN_CONSTANT_CONVERSION = YES;
				CLANG_WARN_DIRECT_OBJC_ISA_USAGE = YES_ERROR;
				CLANG_WARN_DOCUMENTATION_COMMENTS = YES;
				CLANG_WARN_EMPTY_BODY = YES;
				CLANG_WARN_ENUM_CONVERSION = YES;
				CLANG_WARN_INFINITE_RECURSION = YES;
				CLANG_WARN_INT_CONVERSION = YES;
				CLANG_WARN_OBJC_ROOT_CLASS = YES_ERROR;
				CLANG_WARN_SUSPICIOUS_MOVE = YES;
				CLANG_WARN_UNREACHABLE_CODE = YES;
				CLANG_WARN__DUPLICATE_METHOD_MATCH = YES;
				"CODE_SIGN_IDENTITY[sdk=iphoneos*]" = "iPhone Developer";
				COPY_PHASE_STRIP = NO;
				DEBUG_INFORMATION_FORMAT = dwarf;
				ENABLE_STRICT_OBJC_MSGSEND = YES;
				ENABLE_TESTABILITY = YES;
				GCC_C_LANGUAGE_STANDARD = gnu99;
				GCC_DYNAMIC_NO_PIC = NO;
				GCC_NO_COMMON_BLOCKS = YES;
				GCC_OPTIMIZATION_LEVEL = 0;
				GCC_PREPROCESSOR_DEFINITIONS = (
					"DEBUG=1",
					"$(inherited)",
				);
				GCC_WARN_64_TO_32_BIT_CONVERSION = YES;
				GCC_WARN_ABOUT_RETURN_TYPE = YES_ERROR;
				GCC_WARN_UNDECLARED_SELECTOR = YES;
				GCC_WARN_UNINITIALIZED_AUTOS = YES_AGGRESSIVE;
				GCC_WARN_UNUSED_FUNCTION = YES;
				GCC_WARN_UNUSED_VARIABLE = YES;
				IPHONEOS_DEPLOYMENT_TARGET = 10.3;
				MTL_ENABLE_DEBUG_INFO = YES;
				ONLY_ACTIVE_ARCH = YES;
				SDKROOT = iphoneos;
				TARGETED_DEVICE_FAMILY = "1,2";
			};
			name = Debug;
		};
		632FE75B1EA7BF5F0008E0EB /* Release */ = {
			isa = XCBuildConfiguration;
			buildSettings = {
				ALWAYS_SEARCH_USER_PATHS = NO;
				CLANG_ANALYZER_NONNULL = YES;
				CLANG_ANALYZER_NUMBER_OBJECT_CONVERSION = YES_AGGRESSIVE;
				CLANG_CXX_LANGUAGE_STANDARD = "gnu++0x";
				CLANG_CXX_LIBRARY = "libc++";
				CLANG_ENABLE_MODULES = YES;
				CLANG_ENABLE_OBJC_ARC = YES;
				CLANG_WARN_BOOL_CONVERSION = YES;
				CLANG_WARN_CONSTANT_CONVERSION = YES;
				CLANG_WARN_DIRECT_OBJC_ISA_USAGE = YES_ERROR;
				CLANG_WARN_DOCUMENTATION_COMMENTS = YES;
				CLANG_WARN_EMPTY_BODY = YES;
				CLANG_WARN_ENUM_CONVERSION = YES;
				CLANG_WARN_INFINITE_RECURSION = YES;
				CLANG_WARN_INT_CONVERSION = YES;
				CLANG_WARN_OBJC_ROOT_CLASS = YES_ERROR;
				CLANG_WARN_SUSPICIOUS_MOVE = YES;
				CLANG_WARN_UNREACHABLE_CODE = YES;
				CLANG_WARN__DUPLICATE_METHOD_MATCH = YES;
				"CODE_SIGN_IDENTITY[sdk=iphoneos*]" = "iPhone Developer";
				COPY_PHASE_STRIP = NO;
				DEBUG_INFORMATION_FORMAT = "dwarf-with-dsym";
				ENABLE_NS_ASSERTIONS = NO;
				ENABLE_STRICT_OBJC_MSGSEND = YES;
				GCC_C_LANGUAGE_STANDARD = gnu99;
				GCC_NO_COMMON_BLOCKS = YES;
				GCC_WARN_64_TO_32_BIT_CONVERSION = YES;
				GCC_WARN_ABOUT_RETURN_TYPE = YES_ERROR;
				GCC_WARN_UNDECLARED_SELECTOR = YES;
				GCC_WARN_UNINITIALIZED_AUTOS = YES_AGGRESSIVE;
				GCC_WARN_UNUSED_FUNCTION = YES;
				GCC_WARN_UNUSED_VARIABLE = YES;
				IPHONEOS_DEPLOYMENT_TARGET = 10.3;
				MTL_ENABLE_DEBUG_INFO = NO;
				SDKROOT = iphoneos;
				TARGETED_DEVICE_FAMILY = "1,2";
				VALIDATE_PRODUCT = YES;
			};
			name = Release;
		};
		632FE75D1EA7BF5F0008E0EB /* Debug */ = {
			isa = XCBuildConfiguration;
			buildSettings = {
				ASSETCATALOG_COMPILER_APPICON_NAME = "iMessage App Icon";
				DEVELOPMENT_TEAM = 3V8EPWEYFE;
				INFOPLIST_FILE = StickerPackExtension/Info.plist;
				PRODUCT_BUNDLE_IDENTIFIER = com.JayvenN.Mommoji.StickerPackExtension;
				PRODUCT_NAME = "$(TARGET_NAME)";
				SKIP_INSTALL = YES;
			};
			name = Debug;
		};
		632FE75E1EA7BF5F0008E0EB /* Release */ = {
			isa = XCBuildConfiguration;
			buildSettings = {
				ASSETCATALOG_COMPILER_APPICON_NAME = "iMessage App Icon";
				DEVELOPMENT_TEAM = 3V8EPWEYFE;
				INFOPLIST_FILE = StickerPackExtension/Info.plist;
				PRODUCT_BUNDLE_IDENTIFIER = com.JayvenN.Mommoji.StickerPackExtension;
				PRODUCT_NAME = "$(TARGET_NAME)";
				SKIP_INSTALL = YES;
			};
			name = Release;
		};
		632FE7611EA7BF5F0008E0EB /* Debug */ = {
			isa = XCBuildConfiguration;
			buildSettings = {
				ASSETCATALOG_COMPILER_APPICON_NAME = "iMessage App Icon";
				DEVELOPMENT_TEAM = 3V8EPWEYFE;
				INFOPLIST_FILE = Mommoji/Info.plist;
				PRODUCT_BUNDLE_IDENTIFIER = com.JayvenN.Mommoji;
				PRODUCT_NAME = "$(TARGET_NAME)";
			};
			name = Debug;
		};
		632FE7621EA7BF5F0008E0EB /* Release */ = {
			isa = XCBuildConfiguration;
			buildSettings = {
				ASSETCATALOG_COMPILER_APPICON_NAME = "iMessage App Icon";
				DEVELOPMENT_TEAM = 3V8EPWEYFE;
				INFOPLIST_FILE = Mommoji/Info.plist;
				PRODUCT_BUNDLE_IDENTIFIER = com.JayvenN.Mommoji;
				PRODUCT_NAME = "$(TARGET_NAME)";
			};
			name = Release;
		};
/* End XCBuildConfiguration section */

/* Begin XCConfigurationList section */
		632FE74C1EA7BF5E0008E0EB /* Build configuration list for PBXProject "Mommoji" */ = {
			isa = XCConfigurationList;
			buildConfigurations = (
				632FE75A1EA7BF5F0008E0EB /* Debug */,
				632FE75B1EA7BF5F0008E0EB /* Release */,
			);
			defaultConfigurationIsVisible = 0;
			defaultConfigurationName = Release;
		};
		632FE75C1EA7BF5F0008E0EB /* Build configuration list for PBXNativeTarget "StickerPackExtension" */ = {
			isa = XCConfigurationList;
			buildConfigurations = (
				632FE75D1EA7BF5F0008E0EB /* Debug */,
				632FE75E1EA7BF5F0008E0EB /* Release */,
			);
			defaultConfigurationIsVisible = 0;
		};
		632FE7601EA7BF5F0008E0EB /* Build configuration list for PBXNativeTarget "Mommoji" */ = {
			isa = XCConfigurationList;
			buildConfigurations = (
				632FE7611EA7BF5F0008E0EB /* Debug */,
				632FE7621EA7BF5F0008E0EB /* Release */,
			);
			defaultConfigurationIsVisible = 0;
		};
/* End XCConfigurationList section */
	};
	rootObject = 632FE7491EA7BF5E0008E0EB /* Project object */;
}
